// !$*UTF8*$!
{
	archiveVersion = 1;
	classes = {
	};
	objectVersion = 51;
	objects = {

/* Begin PBXBuildFile section */
		16D9B38106642D5F0DA83FAB /* Pods_KoarasSimonSaysGame.framework in Frameworks */ = {isa = PBXBuildFile; fileRef = FD66A40F10C427B82C914E40 /* Pods_KoarasSimonSaysGame.framework */; };
		7740CD2F6FC62AFD52E2D2CF /* BuildFile in Frameworks */ = {isa = PBXBuildFile; };
		9C6BF8A0F0FA1E5F2AEFE6BD /* Pods_KoarasSimonSaysGameDEVELOP.framework in Frameworks */ = {isa = PBXBuildFile; fileRef = 315B47B2BB89778E85BBC860 /* Pods_KoarasSimonSaysGameDEVELOP.framework */; };
		BA006F65243C58C0000AB5F6 /* AppDelegate.swift in Sources */ = {isa = PBXBuildFile; fileRef = BA006F64243C58C0000AB5F6 /* AppDelegate.swift */; };
		BA006F67243C58C0000AB5F6 /* SceneDelegate.swift in Sources */ = {isa = PBXBuildFile; fileRef = BA006F66243C58C0000AB5F6 /* SceneDelegate.swift */; };
		BA006F69243C58C0000AB5F6 /* ViewController.swift in Sources */ = {isa = PBXBuildFile; fileRef = BA006F68243C58C0000AB5F6 /* ViewController.swift */; };
		BA006F6C243C58C0000AB5F6 /* Main.storyboard in Resources */ = {isa = PBXBuildFile; fileRef = BA006F6A243C58C0000AB5F6 /* Main.storyboard */; };
		BA006F6E243C58C8000AB5F6 /* Assets.xcassets in Resources */ = {isa = PBXBuildFile; fileRef = BA006F6D243C58C8000AB5F6 /* Assets.xcassets */; };
		BA006F71243C58C8000AB5F6 /* LaunchScreen.storyboard in Resources */ = {isa = PBXBuildFile; fileRef = BA006F6F243C58C8000AB5F6 /* LaunchScreen.storyboard */; };
		BA006F7C243C58C8000AB5F6 /* KoarasSimonSaysGameTests.swift in Sources */ = {isa = PBXBuildFile; fileRef = BA006F7B243C58C8000AB5F6 /* KoarasSimonSaysGameTests.swift */; };
		BA006F87243C58C8000AB5F6 /* KoarasSimonSaysGameUITests.swift in Sources */ = {isa = PBXBuildFile; fileRef = BA006F86243C58C8000AB5F6 /* KoarasSimonSaysGameUITests.swift */; };
		BA006F95243C5AB4000AB5F6 /* PlayGameViewController.swift in Sources */ = {isa = PBXBuildFile; fileRef = BA006F94243C5AB4000AB5F6 /* PlayGameViewController.swift */; };
		BA006F972441D132000AB5F6 /* TotalScoreViewController.swift in Sources */ = {isa = PBXBuildFile; fileRef = BA006F962441D131000AB5F6 /* TotalScoreViewController.swift */; };
		BA006F992442FD74000AB5F6 /* RegisterNameViewController.swift in Sources */ = {isa = PBXBuildFile; fileRef = BA006F982442FD73000AB5F6 /* RegisterNameViewController.swift */; };
		BA006F9B244909C2000AB5F6 /* RankingDataViewController.swift in Sources */ = {isa = PBXBuildFile; fileRef = BA006F9A244909C2000AB5F6 /* RankingDataViewController.swift */; };
		BA4254A426A081BC00DA876D /* Settings.bundle in Resources */ = {isa = PBXBuildFile; fileRef = BA4254A326A081BC00DA876D /* Settings.bundle */; };
		BA4254A526A081E300DA876D /* Settings.bundle in Resources */ = {isa = PBXBuildFile; fileRef = BA4254A326A081BC00DA876D /* Settings.bundle */; };
		BA4254A726A289E400DA876D /* AnalyticsManager.swift in Sources */ = {isa = PBXBuildFile; fileRef = BA4254A626A289E400DA876D /* AnalyticsManager.swift */; };
		BA4254A826A289E400DA876D /* AnalyticsManager.swift in Sources */ = {isa = PBXBuildFile; fileRef = BA4254A626A289E400DA876D /* AnalyticsManager.swift */; };
		BA4C969C24B1984900226834 /* GoogleService-Info.plist in Resources */ = {isa = PBXBuildFile; fileRef = BA4C969B24B1984900226834 /* GoogleService-Info.plist */; };
		BA6DA34E2560E27B00DD918F /* playBGM.mp3 in Resources */ = {isa = PBXBuildFile; fileRef = BA6DA34D2560E27A00DD918F /* playBGM.mp3 */; };
		BAABD9922A3981880056110F /* PlayGameModel.swift in Sources */ = {isa = PBXBuildFile; fileRef = BAABD9912A3981880056110F /* PlayGameModel.swift */; };
		BAABD9932A3981880056110F /* PlayGameModel.swift in Sources */ = {isa = PBXBuildFile; fileRef = BAABD9912A3981880056110F /* PlayGameModel.swift */; };
		BAABD9962A398C430056110F /* PlayGameModelTests.swift in Sources */ = {isa = PBXBuildFile; fileRef = BAABD9952A398C430056110F /* PlayGameModelTests.swift */; };
		BAABD9972A398C430056110F /* PlayGameModelTests.swift in Sources */ = {isa = PBXBuildFile; fileRef = BAABD9952A398C430056110F /* PlayGameModelTests.swift */; };
		BAABD9992A398D610056110F /* XCTest.framework in Frameworks */ = {isa = PBXBuildFile; fileRef = BAABD9982A398D610056110F /* XCTest.framework */; };
		BAAED80F2670422300DF5647 /* Menu.storyboard in Resources */ = {isa = PBXBuildFile; fileRef = BAAED80E2670422300DF5647 /* Menu.storyboard */; };
		BAAED8112670574E00DF5647 /* MenuPresenter.swift in Sources */ = {isa = PBXBuildFile; fileRef = BAAED8102670574E00DF5647 /* MenuPresenter.swift */; };
		BAAED8162670617100DF5647 /* CommonValue.swift in Sources */ = {isa = PBXBuildFile; fileRef = BAAED8152670617100DF5647 /* CommonValue.swift */; };
		BAAED81D267188F900DF5647 /* PlayGame.storyboard in Resources */ = {isa = PBXBuildFile; fileRef = BAAED81C267188F900DF5647 /* PlayGame.storyboard */; };
		BAAED81F26718EFF00DF5647 /* PlayGamePresenter.swift in Sources */ = {isa = PBXBuildFile; fileRef = BAAED81E26718EFF00DF5647 /* PlayGamePresenter.swift */; };
		BAAED8212671DD1700DF5647 /* Enums.swift in Sources */ = {isa = PBXBuildFile; fileRef = BAAED8202671DD1700DF5647 /* Enums.swift */; };
		BAAED823267708ED00DF5647 /* TotalScore.storyboard in Resources */ = {isa = PBXBuildFile; fileRef = BAAED822267708ED00DF5647 /* TotalScore.storyboard */; };
		BAAED826267724DE00DF5647 /* RegisterNameDialog.storyboard in Resources */ = {isa = PBXBuildFile; fileRef = BAAED825267724DE00DF5647 /* RegisterNameDialog.storyboard */; };
		BAAED8282677284F00DF5647 /* TotalScorePresenter.swift in Sources */ = {isa = PBXBuildFile; fileRef = BAAED8272677284F00DF5647 /* TotalScorePresenter.swift */; };
		BAAED82B267977DB00DF5647 /* RankingModel.swift in Sources */ = {isa = PBXBuildFile; fileRef = BAAED82A267977DB00DF5647 /* RankingModel.swift */; };
		BAAED82D2679801000DF5647 /* RegisterNamePresenter.swift in Sources */ = {isa = PBXBuildFile; fileRef = BAAED82C2679801000DF5647 /* RegisterNamePresenter.swift */; };
		BAAED82F267C183400DF5647 /* RankingData.storyboard in Resources */ = {isa = PBXBuildFile; fileRef = BAAED82E267C183400DF5647 /* RankingData.storyboard */; };
		BAAED831267C1FA500DF5647 /* RankingDataPresenter.swift in Sources */ = {isa = PBXBuildFile; fileRef = BAAED830267C1FA500DF5647 /* RankingDataPresenter.swift */; };
		BAD1A74228E7072E00A91A99 /* RankingUseCase.swift in Sources */ = {isa = PBXBuildFile; fileRef = BAD1A74128E7072E00A91A99 /* RankingUseCase.swift */; };
		BAD1A74328E7072E00A91A99 /* RankingUseCase.swift in Sources */ = {isa = PBXBuildFile; fileRef = BAD1A74128E7072E00A91A99 /* RankingUseCase.swift */; };
		BAE5F5FB269D7A3500DBD2D7 /* ViewController.swift in Sources */ = {isa = PBXBuildFile; fileRef = BA006F68243C58C0000AB5F6 /* ViewController.swift */; };
		BAE5F5FC269D7A3500DBD2D7 /* RankingDataViewController.swift in Sources */ = {isa = PBXBuildFile; fileRef = BA006F9A244909C2000AB5F6 /* RankingDataViewController.swift */; };
		BAE5F5FD269D7A3500DBD2D7 /* AppDelegate.swift in Sources */ = {isa = PBXBuildFile; fileRef = BA006F64243C58C0000AB5F6 /* AppDelegate.swift */; };
		BAE5F5FE269D7A3500DBD2D7 /* RankingDataPresenter.swift in Sources */ = {isa = PBXBuildFile; fileRef = BAAED830267C1FA500DF5647 /* RankingDataPresenter.swift */; };
		BAE5F5FF269D7A3500DBD2D7 /* MenuPresenter.swift in Sources */ = {isa = PBXBuildFile; fileRef = BAAED8102670574E00DF5647 /* MenuPresenter.swift */; };
		BAE5F600269D7A3500DBD2D7 /* RegisterNamePresenter.swift in Sources */ = {isa = PBXBuildFile; fileRef = BAAED82C2679801000DF5647 /* RegisterNamePresenter.swift */; };
		BAE5F601269D7A3500DBD2D7 /* RegisterNameViewController.swift in Sources */ = {isa = PBXBuildFile; fileRef = BA006F982442FD73000AB5F6 /* RegisterNameViewController.swift */; };
		BAE5F602269D7A3500DBD2D7 /* MenuViewController.swift in Sources */ = {isa = PBXBuildFile; fileRef = BAE6E6BB249645BE0077D8AE /* MenuViewController.swift */; };
		BAE5F603269D7A3500DBD2D7 /* TotalScorePresenter.swift in Sources */ = {isa = PBXBuildFile; fileRef = BAAED8272677284F00DF5647 /* TotalScorePresenter.swift */; };
		BAE5F604269D7A3500DBD2D7 /* RankingModel.swift in Sources */ = {isa = PBXBuildFile; fileRef = BAAED82A267977DB00DF5647 /* RankingModel.swift */; };
		BAE5F605269D7A3500DBD2D7 /* PlayGamePresenter.swift in Sources */ = {isa = PBXBuildFile; fileRef = BAAED81E26718EFF00DF5647 /* PlayGamePresenter.swift */; };
		BAE5F606269D7A3500DBD2D7 /* Enums.swift in Sources */ = {isa = PBXBuildFile; fileRef = BAAED8202671DD1700DF5647 /* Enums.swift */; };
		BAE5F607269D7A3500DBD2D7 /* CommonValue.swift in Sources */ = {isa = PBXBuildFile; fileRef = BAAED8152670617100DF5647 /* CommonValue.swift */; };
		BAE5F608269D7A3500DBD2D7 /* PlayGameViewController.swift in Sources */ = {isa = PBXBuildFile; fileRef = BA006F94243C5AB4000AB5F6 /* PlayGameViewController.swift */; };
		BAE5F609269D7A3500DBD2D7 /* SceneDelegate.swift in Sources */ = {isa = PBXBuildFile; fileRef = BA006F66243C58C0000AB5F6 /* SceneDelegate.swift */; };
		BAE5F60A269D7A3500DBD2D7 /* RankingCell.swift in Sources */ = {isa = PBXBuildFile; fileRef = BAE6E6862483E6460077D8AE /* RankingCell.swift */; };
		BAE5F60B269D7A3500DBD2D7 /* TotalScoreViewController.swift in Sources */ = {isa = PBXBuildFile; fileRef = BA006F962441D131000AB5F6 /* TotalScoreViewController.swift */; };
		BAE5F60F269D7A3500DBD2D7 /* Kazesawa-Extrabold.woff in Resources */ = {isa = PBXBuildFile; fileRef = BAE6E69924919C970077D8AE /* Kazesawa-Extrabold.woff */; };
		BAE5F610269D7A3500DBD2D7 /* Menu.storyboard in Resources */ = {isa = PBXBuildFile; fileRef = BAAED80E2670422300DF5647 /* Menu.storyboard */; };
		BAE5F611269D7A3500DBD2D7 /* Kazesawa-Bold.ttf in Resources */ = {isa = PBXBuildFile; fileRef = BAE6E6A124919C980077D8AE /* Kazesawa-Bold.ttf */; };
		BAE5F612269D7A3500DBD2D7 /* Kazesawa-Regular.woff in Resources */ = {isa = PBXBuildFile; fileRef = BAE6E69824919C970077D8AE /* Kazesawa-Regular.woff */; };
		BAE5F613269D7A3500DBD2D7 /* Kazesawa-ExtraLight.ttf in Resources */ = {isa = PBXBuildFile; fileRef = BAE6E6A624919C980077D8AE /* Kazesawa-ExtraLight.ttf */; };
		BAE5F614269D7A3500DBD2D7 /* TotalScore.storyboard in Resources */ = {isa = PBXBuildFile; fileRef = BAAED822267708ED00DF5647 /* TotalScore.storyboard */; };
		BAE5F615269D7A3500DBD2D7 /* RankingData.storyboard in Resources */ = {isa = PBXBuildFile; fileRef = BAAED82E267C183400DF5647 /* RankingData.storyboard */; };
		BAE5F616269D7A3500DBD2D7 /* Kazesawa-Bold.woff in Resources */ = {isa = PBXBuildFile; fileRef = BAE6E69424919C970077D8AE /* Kazesawa-Bold.woff */; };
		BAE5F617269D7A3500DBD2D7 /* PlayGame.storyboard in Resources */ = {isa = PBXBuildFile; fileRef = BAAED81C267188F900DF5647 /* PlayGame.storyboard */; };
		BAE5F618269D7A3500DBD2D7 /* Kazesawa-Semibold.woff in Resources */ = {isa = PBXBuildFile; fileRef = BAE6E69324919C970077D8AE /* Kazesawa-Semibold.woff */; };
		BAE5F619269D7A3500DBD2D7 /* LaunchScreen.storyboard in Resources */ = {isa = PBXBuildFile; fileRef = BA006F6F243C58C8000AB5F6 /* LaunchScreen.storyboard */; };
		BAE5F61A269D7A3500DBD2D7 /* Kazesawa-ExtraLight.woff in Resources */ = {isa = PBXBuildFile; fileRef = BAE6E6A324919C980077D8AE /* Kazesawa-ExtraLight.woff */; };
		BAE5F61B269D7A3500DBD2D7 /* Kazesawa-Regular.ttf in Resources */ = {isa = PBXBuildFile; fileRef = BAE6E6A524919C980077D8AE /* Kazesawa-Regular.ttf */; };
		BAE5F61C269D7A3500DBD2D7 /* playBGM.mp3 in Resources */ = {isa = PBXBuildFile; fileRef = BA6DA34D2560E27A00DD918F /* playBGM.mp3 */; };
		BAE5F61D269D7A3500DBD2D7 /* Kazesawa-Extrabold.ttf in Resources */ = {isa = PBXBuildFile; fileRef = BAE6E69A24919C970077D8AE /* Kazesawa-Extrabold.ttf */; };
		BAE5F61E269D7A3500DBD2D7 /* GoogleService-Info.plist in Resources */ = {isa = PBXBuildFile; fileRef = BA4C969B24B1984900226834 /* GoogleService-Info.plist */; };
		BAE5F61F269D7A3500DBD2D7 /* RankingCell.xib in Resources */ = {isa = PBXBuildFile; fileRef = BAE6E6872483E6460077D8AE /* RankingCell.xib */; };
		BAE5F620269D7A3500DBD2D7 /* Assets.xcassets in Resources */ = {isa = PBXBuildFile; fileRef = BA006F6D243C58C8000AB5F6 /* Assets.xcassets */; };
		BAE5F621269D7A3500DBD2D7 /* Main.storyboard in Resources */ = {isa = PBXBuildFile; fileRef = BA006F6A243C58C0000AB5F6 /* Main.storyboard */; };
		BAE5F622269D7A3500DBD2D7 /* RegisterNameDialog.storyboard in Resources */ = {isa = PBXBuildFile; fileRef = BAAED825267724DE00DF5647 /* RegisterNameDialog.storyboard */; };
		BAE5F623269D7A3500DBD2D7 /* Kazesawa-Light.ttf in Resources */ = {isa = PBXBuildFile; fileRef = BAE6E6A824919C980077D8AE /* Kazesawa-Light.ttf */; };
		BAE5F624269D7A3500DBD2D7 /* Kazesawa-Semibold.ttf in Resources */ = {isa = PBXBuildFile; fileRef = BAE6E6A224919C980077D8AE /* Kazesawa-Semibold.ttf */; };
		BAE5F625269D7A3500DBD2D7 /* Kazesawa-Light.woff in Resources */ = {isa = PBXBuildFile; fileRef = BAE6E6A024919C980077D8AE /* Kazesawa-Light.woff */; };
		BAE6E6882483E6460077D8AE /* RankingCell.swift in Sources */ = {isa = PBXBuildFile; fileRef = BAE6E6862483E6460077D8AE /* RankingCell.swift */; };
		BAE6E6892483E6460077D8AE /* RankingCell.xib in Resources */ = {isa = PBXBuildFile; fileRef = BAE6E6872483E6460077D8AE /* RankingCell.xib */; };
		BAE6E6A924919CF60077D8AE /* Kazesawa-Semibold.woff in Resources */ = {isa = PBXBuildFile; fileRef = BAE6E69324919C970077D8AE /* Kazesawa-Semibold.woff */; };
		BAE6E6AA24919CFD0077D8AE /* Kazesawa-Bold.woff in Resources */ = {isa = PBXBuildFile; fileRef = BAE6E69424919C970077D8AE /* Kazesawa-Bold.woff */; };
		BAE6E6AB249257410077D8AE /* Kazesawa-Extrabold.woff in Resources */ = {isa = PBXBuildFile; fileRef = BAE6E69924919C970077D8AE /* Kazesawa-Extrabold.woff */; };
		BAE6E6AC249257460077D8AE /* Kazesawa-Regular.woff in Resources */ = {isa = PBXBuildFile; fileRef = BAE6E69824919C970077D8AE /* Kazesawa-Regular.woff */; };
		BAE6E6AD249257530077D8AE /* Kazesawa-Light.woff in Resources */ = {isa = PBXBuildFile; fileRef = BAE6E6A024919C980077D8AE /* Kazesawa-Light.woff */; };
		BAE6E6AE249257580077D8AE /* Kazesawa-ExtraLight.woff in Resources */ = {isa = PBXBuildFile; fileRef = BAE6E6A324919C980077D8AE /* Kazesawa-ExtraLight.woff */; };
		BAE6E6AF249257680077D8AE /* Kazesawa-Extrabold.ttf in Resources */ = {isa = PBXBuildFile; fileRef = BAE6E69A24919C970077D8AE /* Kazesawa-Extrabold.ttf */; };
		BAE6E6B02492576D0077D8AE /* Kazesawa-Bold.ttf in Resources */ = {isa = PBXBuildFile; fileRef = BAE6E6A124919C980077D8AE /* Kazesawa-Bold.ttf */; };
		BAE6E6B12492576F0077D8AE /* Kazesawa-Semibold.ttf in Resources */ = {isa = PBXBuildFile; fileRef = BAE6E6A224919C980077D8AE /* Kazesawa-Semibold.ttf */; };
		BAE6E6B2249257790077D8AE /* Kazesawa-Regular.ttf in Resources */ = {isa = PBXBuildFile; fileRef = BAE6E6A524919C980077D8AE /* Kazesawa-Regular.ttf */; };
		BAE6E6B32492577D0077D8AE /* Kazesawa-ExtraLight.ttf in Resources */ = {isa = PBXBuildFile; fileRef = BAE6E6A624919C980077D8AE /* Kazesawa-ExtraLight.ttf */; };
		BAE6E6B4249257810077D8AE /* Kazesawa-Light.ttf in Resources */ = {isa = PBXBuildFile; fileRef = BAE6E6A824919C980077D8AE /* Kazesawa-Light.ttf */; };
		BAE6E6BC249645BE0077D8AE /* MenuViewController.swift in Sources */ = {isa = PBXBuildFile; fileRef = BAE6E6BB249645BE0077D8AE /* MenuViewController.swift */; };
		D264FE1349C195603D47B26D /* Pods_KoarasSimonSaysGameTests.framework in Frameworks */ = {isa = PBXBuildFile; fileRef = A45755299C858D102343A799 /* Pods_KoarasSimonSaysGameTests.framework */; };
/* End PBXBuildFile section */

/* Begin PBXContainerItemProxy section */
		BA006F78243C58C8000AB5F6 /* PBXContainerItemProxy */ = {
			isa = PBXContainerItemProxy;
			containerPortal = BA006F59243C58C0000AB5F6 /* Project object */;
			proxyType = 1;
			remoteGlobalIDString = BA006F60243C58C0000AB5F6;
			remoteInfo = KoarasSimonSaysGame;
		};
		BA006F83243C58C8000AB5F6 /* PBXContainerItemProxy */ = {
			isa = PBXContainerItemProxy;
			containerPortal = BA006F59243C58C0000AB5F6 /* Project object */;
			proxyType = 1;
			remoteGlobalIDString = BA006F60243C58C0000AB5F6;
			remoteInfo = KoarasSimonSaysGame;
		};
/* End PBXContainerItemProxy section */

/* Begin PBXFileReference section */
		1131CFF31125C4D366A6A1CB /* Pods-KoarasSimonSaysGameTests.debug.xcconfig */ = {isa = PBXFileReference; includeInIndex = 1; lastKnownFileType = text.xcconfig; name = "Pods-KoarasSimonSaysGameTests.debug.xcconfig"; path = "Target Support Files/Pods-KoarasSimonSaysGameTests/Pods-KoarasSimonSaysGameTests.debug.xcconfig"; sourceTree = "<group>"; };
		315B47B2BB89778E85BBC860 /* Pods_KoarasSimonSaysGameDEVELOP.framework */ = {isa = PBXFileReference; explicitFileType = wrapper.framework; includeInIndex = 0; path = Pods_KoarasSimonSaysGameDEVELOP.framework; sourceTree = BUILT_PRODUCTS_DIR; };
		3C55BF73379D4201C49FCD86 /* Pods-KoarasSimonSaysGame.release.xcconfig */ = {isa = PBXFileReference; includeInIndex = 1; lastKnownFileType = text.xcconfig; name = "Pods-KoarasSimonSaysGame.release.xcconfig"; path = "Target Support Files/Pods-KoarasSimonSaysGame/Pods-KoarasSimonSaysGame.release.xcconfig"; sourceTree = "<group>"; };
		9355AA32FC6740B5658BE4E7 /* Pods-KoarasSimonSaysGameDEVELOP.debug.xcconfig */ = {isa = PBXFileReference; includeInIndex = 1; lastKnownFileType = text.xcconfig; name = "Pods-KoarasSimonSaysGameDEVELOP.debug.xcconfig"; path = "Target Support Files/Pods-KoarasSimonSaysGameDEVELOP/Pods-KoarasSimonSaysGameDEVELOP.debug.xcconfig"; sourceTree = "<group>"; };
		A2B6FA164AFF879D5629D244 /* Pods-KoarasSimonSaysGameDEVELOP.release.xcconfig */ = {isa = PBXFileReference; includeInIndex = 1; lastKnownFileType = text.xcconfig; name = "Pods-KoarasSimonSaysGameDEVELOP.release.xcconfig"; path = "Target Support Files/Pods-KoarasSimonSaysGameDEVELOP/Pods-KoarasSimonSaysGameDEVELOP.release.xcconfig"; sourceTree = "<group>"; };
		A45755299C858D102343A799 /* Pods_KoarasSimonSaysGameTests.framework */ = {isa = PBXFileReference; explicitFileType = wrapper.framework; includeInIndex = 0; path = Pods_KoarasSimonSaysGameTests.framework; sourceTree = BUILT_PRODUCTS_DIR; };
		A7A229D729B8F4E31A60FC31 /* Pods-KoarasSimonSaysGameTests.release.xcconfig */ = {isa = PBXFileReference; includeInIndex = 1; lastKnownFileType = text.xcconfig; name = "Pods-KoarasSimonSaysGameTests.release.xcconfig"; path = "Target Support Files/Pods-KoarasSimonSaysGameTests/Pods-KoarasSimonSaysGameTests.release.xcconfig"; sourceTree = "<group>"; };
		BA006F61243C58C0000AB5F6 /* 旗ふりゲーム.app */ = {isa = PBXFileReference; explicitFileType = wrapper.application; includeInIndex = 0; path = "旗ふりゲーム.app"; sourceTree = BUILT_PRODUCTS_DIR; };
		BA006F64243C58C0000AB5F6 /* AppDelegate.swift */ = {isa = PBXFileReference; lastKnownFileType = sourcecode.swift; path = AppDelegate.swift; sourceTree = "<group>"; };
		BA006F66243C58C0000AB5F6 /* SceneDelegate.swift */ = {isa = PBXFileReference; lastKnownFileType = sourcecode.swift; path = SceneDelegate.swift; sourceTree = "<group>"; };
		BA006F68243C58C0000AB5F6 /* ViewController.swift */ = {isa = PBXFileReference; lastKnownFileType = sourcecode.swift; path = ViewController.swift; sourceTree = "<group>"; };
		BA006F6B243C58C0000AB5F6 /* Base */ = {isa = PBXFileReference; lastKnownFileType = file.storyboard; name = Base; path = Base.lproj/Main.storyboard; sourceTree = "<group>"; };
		BA006F6D243C58C8000AB5F6 /* Assets.xcassets */ = {isa = PBXFileReference; lastKnownFileType = folder.assetcatalog; path = Assets.xcassets; sourceTree = "<group>"; };
		BA006F70243C58C8000AB5F6 /* Base */ = {isa = PBXFileReference; lastKnownFileType = file.storyboard; name = Base; path = Base.lproj/LaunchScreen.storyboard; sourceTree = "<group>"; };
		BA006F72243C58C8000AB5F6 /* Info.plist */ = {isa = PBXFileReference; lastKnownFileType = text.plist.xml; path = Info.plist; sourceTree = "<group>"; };
		BA006F77243C58C8000AB5F6 /* KoarasSimonSaysGameTests.xctest */ = {isa = PBXFileReference; explicitFileType = wrapper.cfbundle; includeInIndex = 0; path = KoarasSimonSaysGameTests.xctest; sourceTree = BUILT_PRODUCTS_DIR; };
		BA006F7B243C58C8000AB5F6 /* KoarasSimonSaysGameTests.swift */ = {isa = PBXFileReference; lastKnownFileType = sourcecode.swift; path = KoarasSimonSaysGameTests.swift; sourceTree = "<group>"; };
		BA006F7D243C58C8000AB5F6 /* Info.plist */ = {isa = PBXFileReference; lastKnownFileType = text.plist.xml; path = Info.plist; sourceTree = "<group>"; };
		BA006F82243C58C8000AB5F6 /* KoarasSimonSaysGameUITests.xctest */ = {isa = PBXFileReference; explicitFileType = wrapper.cfbundle; includeInIndex = 0; path = KoarasSimonSaysGameUITests.xctest; sourceTree = BUILT_PRODUCTS_DIR; };
		BA006F86243C58C8000AB5F6 /* KoarasSimonSaysGameUITests.swift */ = {isa = PBXFileReference; lastKnownFileType = sourcecode.swift; path = KoarasSimonSaysGameUITests.swift; sourceTree = "<group>"; };
		BA006F88243C58C8000AB5F6 /* Info.plist */ = {isa = PBXFileReference; lastKnownFileType = text.plist.xml; path = Info.plist; sourceTree = "<group>"; };
		BA006F94243C5AB4000AB5F6 /* PlayGameViewController.swift */ = {isa = PBXFileReference; lastKnownFileType = sourcecode.swift; path = PlayGameViewController.swift; sourceTree = "<group>"; };
		BA006F962441D131000AB5F6 /* TotalScoreViewController.swift */ = {isa = PBXFileReference; lastKnownFileType = sourcecode.swift; path = TotalScoreViewController.swift; sourceTree = "<group>"; };
		BA006F982442FD73000AB5F6 /* RegisterNameViewController.swift */ = {isa = PBXFileReference; lastKnownFileType = sourcecode.swift; path = RegisterNameViewController.swift; sourceTree = "<group>"; };
		BA006F9A244909C2000AB5F6 /* RankingDataViewController.swift */ = {isa = PBXFileReference; lastKnownFileType = sourcecode.swift; path = RankingDataViewController.swift; sourceTree = "<group>"; };
		BA4254A326A081BC00DA876D /* Settings.bundle */ = {isa = PBXFileReference; lastKnownFileType = "wrapper.plug-in"; path = Settings.bundle; sourceTree = "<group>"; };
		BA4254A626A289E400DA876D /* AnalyticsManager.swift */ = {isa = PBXFileReference; lastKnownFileType = sourcecode.swift; path = AnalyticsManager.swift; sourceTree = "<group>"; };
		BA4C969B24B1984900226834 /* GoogleService-Info.plist */ = {isa = PBXFileReference; fileEncoding = 4; lastKnownFileType = text.plist.xml; path = "GoogleService-Info.plist"; sourceTree = "<group>"; };
		BA6DA34D2560E27A00DD918F /* playBGM.mp3 */ = {isa = PBXFileReference; lastKnownFileType = audio.mp3; path = playBGM.mp3; sourceTree = "<group>"; };
		BAABD9912A3981880056110F /* PlayGameModel.swift */ = {isa = PBXFileReference; lastKnownFileType = sourcecode.swift; path = PlayGameModel.swift; sourceTree = "<group>"; };
		BAABD9952A398C430056110F /* PlayGameModelTests.swift */ = {isa = PBXFileReference; lastKnownFileType = sourcecode.swift; path = PlayGameModelTests.swift; sourceTree = "<group>"; };
		BAABD9982A398D610056110F /* XCTest.framework */ = {isa = PBXFileReference; lastKnownFileType = wrapper.framework; name = XCTest.framework; path = Platforms/iPhoneOS.platform/Developer/Library/Frameworks/XCTest.framework; sourceTree = DEVELOPER_DIR; };
		BAAED80E2670422300DF5647 /* Menu.storyboard */ = {isa = PBXFileReference; lastKnownFileType = file.storyboard; path = Menu.storyboard; sourceTree = "<group>"; };
		BAAED8102670574E00DF5647 /* MenuPresenter.swift */ = {isa = PBXFileReference; lastKnownFileType = sourcecode.swift; path = MenuPresenter.swift; sourceTree = "<group>"; };
		BAAED8152670617100DF5647 /* CommonValue.swift */ = {isa = PBXFileReference; lastKnownFileType = sourcecode.swift; path = CommonValue.swift; sourceTree = "<group>"; };
		BAAED81C267188F900DF5647 /* PlayGame.storyboard */ = {isa = PBXFileReference; lastKnownFileType = file.storyboard; path = PlayGame.storyboard; sourceTree = "<group>"; };
		BAAED81E26718EFF00DF5647 /* PlayGamePresenter.swift */ = {isa = PBXFileReference; lastKnownFileType = sourcecode.swift; path = PlayGamePresenter.swift; sourceTree = "<group>"; };
		BAAED8202671DD1700DF5647 /* Enums.swift */ = {isa = PBXFileReference; lastKnownFileType = sourcecode.swift; path = Enums.swift; sourceTree = "<group>"; };
		BAAED822267708ED00DF5647 /* TotalScore.storyboard */ = {isa = PBXFileReference; lastKnownFileType = file.storyboard; path = TotalScore.storyboard; sourceTree = "<group>"; };
		BAAED825267724DE00DF5647 /* RegisterNameDialog.storyboard */ = {isa = PBXFileReference; lastKnownFileType = file.storyboard; path = RegisterNameDialog.storyboard; sourceTree = "<group>"; };
		BAAED8272677284F00DF5647 /* TotalScorePresenter.swift */ = {isa = PBXFileReference; lastKnownFileType = sourcecode.swift; path = TotalScorePresenter.swift; sourceTree = "<group>"; };
		BAAED82A267977DB00DF5647 /* RankingModel.swift */ = {isa = PBXFileReference; lastKnownFileType = sourcecode.swift; path = RankingModel.swift; sourceTree = "<group>"; };
		BAAED82C2679801000DF5647 /* RegisterNamePresenter.swift */ = {isa = PBXFileReference; lastKnownFileType = sourcecode.swift; path = RegisterNamePresenter.swift; sourceTree = "<group>"; };
		BAAED82E267C183400DF5647 /* RankingData.storyboard */ = {isa = PBXFileReference; lastKnownFileType = file.storyboard; path = RankingData.storyboard; sourceTree = "<group>"; };
		BAAED830267C1FA500DF5647 /* RankingDataPresenter.swift */ = {isa = PBXFileReference; lastKnownFileType = sourcecode.swift; path = RankingDataPresenter.swift; sourceTree = "<group>"; };
		BAD1A74128E7072E00A91A99 /* RankingUseCase.swift */ = {isa = PBXFileReference; lastKnownFileType = sourcecode.swift; path = RankingUseCase.swift; sourceTree = "<group>"; };
		BAE5F62A269D7A3500DBD2D7 /* KoarasSimonSaysGameDEVELOP.app */ = {isa = PBXFileReference; explicitFileType = wrapper.application; includeInIndex = 0; path = KoarasSimonSaysGameDEVELOP.app; sourceTree = BUILT_PRODUCTS_DIR; };
		BAE6E6862483E6460077D8AE /* RankingCell.swift */ = {isa = PBXFileReference; lastKnownFileType = sourcecode.swift; path = RankingCell.swift; sourceTree = "<group>"; };
		BAE6E6872483E6460077D8AE /* RankingCell.xib */ = {isa = PBXFileReference; lastKnownFileType = file.xib; path = RankingCell.xib; sourceTree = "<group>"; };
		BAE6E69324919C970077D8AE /* Kazesawa-Semibold.woff */ = {isa = PBXFileReference; lastKnownFileType = file; path = "Kazesawa-Semibold.woff"; sourceTree = "<group>"; };
		BAE6E69424919C970077D8AE /* Kazesawa-Bold.woff */ = {isa = PBXFileReference; lastKnownFileType = file; path = "Kazesawa-Bold.woff"; sourceTree = "<group>"; };
		BAE6E69624919C970077D8AE /* README.md */ = {isa = PBXFileReference; lastKnownFileType = net.daringfireball.markdown; path = README.md; sourceTree = "<group>"; };
		BAE6E69724919C970077D8AE /* LICENSE.txt */ = {isa = PBXFileReference; lastKnownFileType = text; path = LICENSE.txt; sourceTree = "<group>"; };
		BAE6E69824919C970077D8AE /* Kazesawa-Regular.woff */ = {isa = PBXFileReference; lastKnownFileType = file; path = "Kazesawa-Regular.woff"; sourceTree = "<group>"; };
		BAE6E69924919C970077D8AE /* Kazesawa-Extrabold.woff */ = {isa = PBXFileReference; lastKnownFileType = file; path = "Kazesawa-Extrabold.woff"; sourceTree = "<group>"; };
		BAE6E69A24919C970077D8AE /* Kazesawa-Extrabold.ttf */ = {isa = PBXFileReference; lastKnownFileType = file; path = "Kazesawa-Extrabold.ttf"; sourceTree = "<group>"; };
		BAE6E69C24919C980077D8AE /* README_J */ = {isa = PBXFileReference; lastKnownFileType = text; path = README_J; sourceTree = "<group>"; };
		BAE6E69D24919C980077D8AE /* README_E */ = {isa = PBXFileReference; lastKnownFileType = text; path = README_E; sourceTree = "<group>"; };
		BAE6E69E24919C980077D8AE /* LICENSE_E */ = {isa = PBXFileReference; lastKnownFileType = text; path = LICENSE_E; sourceTree = "<group>"; };
		BAE6E69F24919C980077D8AE /* LICENSE_J */ = {isa = PBXFileReference; lastKnownFileType = text; path = LICENSE_J; sourceTree = "<group>"; };
		BAE6E6A024919C980077D8AE /* Kazesawa-Light.woff */ = {isa = PBXFileReference; lastKnownFileType = file; path = "Kazesawa-Light.woff"; sourceTree = "<group>"; };
		BAE6E6A124919C980077D8AE /* Kazesawa-Bold.ttf */ = {isa = PBXFileReference; lastKnownFileType = file; path = "Kazesawa-Bold.ttf"; sourceTree = "<group>"; };
		BAE6E6A224919C980077D8AE /* Kazesawa-Semibold.ttf */ = {isa = PBXFileReference; lastKnownFileType = file; path = "Kazesawa-Semibold.ttf"; sourceTree = "<group>"; };
		BAE6E6A324919C980077D8AE /* Kazesawa-ExtraLight.woff */ = {isa = PBXFileReference; lastKnownFileType = file; path = "Kazesawa-ExtraLight.woff"; sourceTree = "<group>"; };
		BAE6E6A424919C980077D8AE /* README.txt */ = {isa = PBXFileReference; lastKnownFileType = text; path = README.txt; sourceTree = "<group>"; };
		BAE6E6A524919C980077D8AE /* Kazesawa-Regular.ttf */ = {isa = PBXFileReference; lastKnownFileType = file; path = "Kazesawa-Regular.ttf"; sourceTree = "<group>"; };
		BAE6E6A624919C980077D8AE /* Kazesawa-ExtraLight.ttf */ = {isa = PBXFileReference; lastKnownFileType = file; path = "Kazesawa-ExtraLight.ttf"; sourceTree = "<group>"; };
		BAE6E6A724919C980077D8AE /* LICENSE.txt */ = {isa = PBXFileReference; lastKnownFileType = text; path = LICENSE.txt; sourceTree = "<group>"; };
		BAE6E6A824919C980077D8AE /* Kazesawa-Light.ttf */ = {isa = PBXFileReference; lastKnownFileType = file; path = "Kazesawa-Light.ttf"; sourceTree = "<group>"; };
		BAE6E6BB249645BE0077D8AE /* MenuViewController.swift */ = {isa = PBXFileReference; lastKnownFileType = sourcecode.swift; path = MenuViewController.swift; sourceTree = "<group>"; };
		C9509991A866A86400DB60E8 /* Pods-KoarasSimonSaysGame.debug.xcconfig */ = {isa = PBXFileReference; includeInIndex = 1; lastKnownFileType = text.xcconfig; name = "Pods-KoarasSimonSaysGame.debug.xcconfig"; path = "Target Support Files/Pods-KoarasSimonSaysGame/Pods-KoarasSimonSaysGame.debug.xcconfig"; sourceTree = "<group>"; };
		FD66A40F10C427B82C914E40 /* Pods_KoarasSimonSaysGame.framework */ = {isa = PBXFileReference; explicitFileType = wrapper.framework; includeInIndex = 0; path = Pods_KoarasSimonSaysGame.framework; sourceTree = BUILT_PRODUCTS_DIR; };
/* End PBXFileReference section */

/* Begin PBXFrameworksBuildPhase section */
		BA006F5E243C58C0000AB5F6 /* Frameworks */ = {
			isa = PBXFrameworksBuildPhase;
			buildActionMask = 2147483647;
			files = (
				7740CD2F6FC62AFD52E2D2CF /* BuildFile in Frameworks */,
				16D9B38106642D5F0DA83FAB /* Pods_KoarasSimonSaysGame.framework in Frameworks */,
			);
			runOnlyForDeploymentPostprocessing = 0;
		};
		BA006F74243C58C8000AB5F6 /* Frameworks */ = {
			isa = PBXFrameworksBuildPhase;
			buildActionMask = 2147483647;
			files = (
				D264FE1349C195603D47B26D /* Pods_KoarasSimonSaysGameTests.framework in Frameworks */,
			);
			runOnlyForDeploymentPostprocessing = 0;
		};
		BA006F7F243C58C8000AB5F6 /* Frameworks */ = {
			isa = PBXFrameworksBuildPhase;
			buildActionMask = 2147483647;
			files = (
			);
			runOnlyForDeploymentPostprocessing = 0;
		};
		BAE5F60C269D7A3500DBD2D7 /* Frameworks */ = {
			isa = PBXFrameworksBuildPhase;
			buildActionMask = 2147483647;
			files = (
				BAABD9992A398D610056110F /* XCTest.framework in Frameworks */,
				9C6BF8A0F0FA1E5F2AEFE6BD /* Pods_KoarasSimonSaysGameDEVELOP.framework in Frameworks */,
			);
			runOnlyForDeploymentPostprocessing = 0;
		};
/* End PBXFrameworksBuildPhase section */

/* Begin PBXGroup section */
		055FA0CE8ECDED4D77DF98D8 /* Frameworks */ = {
			isa = PBXGroup;
			children = (
				BAABD9982A398D610056110F /* XCTest.framework */,
				315B47B2BB89778E85BBC860 /* Pods_KoarasSimonSaysGameDEVELOP.framework */,
				FD66A40F10C427B82C914E40 /* Pods_KoarasSimonSaysGame.framework */,
				A45755299C858D102343A799 /* Pods_KoarasSimonSaysGameTests.framework */,
			);
			name = Frameworks;
			sourceTree = "<group>";
		};
		77832CD2E474D8C3570F2C52 /* Pods */ = {
			isa = PBXGroup;
			children = (
				C9509991A866A86400DB60E8 /* Pods-KoarasSimonSaysGame.debug.xcconfig */,
				3C55BF73379D4201C49FCD86 /* Pods-KoarasSimonSaysGame.release.xcconfig */,
				9355AA32FC6740B5658BE4E7 /* Pods-KoarasSimonSaysGameDEVELOP.debug.xcconfig */,
				A2B6FA164AFF879D5629D244 /* Pods-KoarasSimonSaysGameDEVELOP.release.xcconfig */,
				1131CFF31125C4D366A6A1CB /* Pods-KoarasSimonSaysGameTests.debug.xcconfig */,
				A7A229D729B8F4E31A60FC31 /* Pods-KoarasSimonSaysGameTests.release.xcconfig */,
			);
			path = Pods;
			sourceTree = "<group>";
		};
		BA006F58243C58C0000AB5F6 = {
			isa = PBXGroup;
			children = (
				BA4254A326A081BC00DA876D /* Settings.bundle */,
				BAE6E69224919C970077D8AE /* kazesawa */,
				BA006F63243C58C0000AB5F6 /* KoarasSimonSaysGame */,
				BA006F7A243C58C8000AB5F6 /* KoarasSimonSaysGameTests */,
				BA006F85243C58C8000AB5F6 /* KoarasSimonSaysGameUITests */,
				BA006F62243C58C0000AB5F6 /* Products */,
				77832CD2E474D8C3570F2C52 /* Pods */,
				055FA0CE8ECDED4D77DF98D8 /* Frameworks */,
			);
			sourceTree = "<group>";
		};
		BA006F62243C58C0000AB5F6 /* Products */ = {
			isa = PBXGroup;
			children = (
				BA006F61243C58C0000AB5F6 /* 旗ふりゲーム.app */,
				BA006F77243C58C8000AB5F6 /* KoarasSimonSaysGameTests.xctest */,
				BA006F82243C58C8000AB5F6 /* KoarasSimonSaysGameUITests.xctest */,
				BAE5F62A269D7A3500DBD2D7 /* KoarasSimonSaysGameDEVELOP.app */,
			);
			name = Products;
			sourceTree = "<group>";
		};
		BA006F63243C58C0000AB5F6 /* KoarasSimonSaysGame */ = {
			isa = PBXGroup;
			children = (
				BAD1A74028E7070500A91A99 /* UseCase */,
				BAAED829267977AF00DF5647 /* Model */,
				BAAED80826703F9F00DF5647 /* Pages */,
				BA006F64243C58C0000AB5F6 /* AppDelegate.swift */,
				BA006F66243C58C0000AB5F6 /* SceneDelegate.swift */,
				BA006F6D243C58C8000AB5F6 /* Assets.xcassets */,
				BA6DA34D2560E27A00DD918F /* playBGM.mp3 */,
				BA006F6F243C58C8000AB5F6 /* LaunchScreen.storyboard */,
				BA006F72243C58C8000AB5F6 /* Info.plist */,
				BA4C969B24B1984900226834 /* GoogleService-Info.plist */,
				BA4254A626A289E400DA876D /* AnalyticsManager.swift */,
			);
			path = KoarasSimonSaysGame;
			sourceTree = "<group>";
		};
		BA006F7A243C58C8000AB5F6 /* KoarasSimonSaysGameTests */ = {
			isa = PBXGroup;
			children = (
				BAABD9942A398B890056110F /* ModelTests */,
				BA006F7B243C58C8000AB5F6 /* KoarasSimonSaysGameTests.swift */,
				BA006F7D243C58C8000AB5F6 /* Info.plist */,
			);
			path = KoarasSimonSaysGameTests;
			sourceTree = "<group>";
		};
		BA006F85243C58C8000AB5F6 /* KoarasSimonSaysGameUITests */ = {
			isa = PBXGroup;
			children = (
				BA006F86243C58C8000AB5F6 /* KoarasSimonSaysGameUITests.swift */,
				BA006F88243C58C8000AB5F6 /* Info.plist */,
			);
			path = KoarasSimonSaysGameUITests;
			sourceTree = "<group>";
		};
		BAABD9942A398B890056110F /* ModelTests */ = {
			isa = PBXGroup;
			children = (
				BAABD9952A398C430056110F /* PlayGameModelTests.swift */,
			);
			path = ModelTests;
			sourceTree = "<group>";
		};
		BAAED80826703F9F00DF5647 /* Pages */ = {
			isa = PBXGroup;
			children = (
				BAAED8142670611E00DF5647 /* Common */,
				BAAED80D267041EA00DF5647 /* Menu */,
				BAAED80C2670403400DF5647 /* Ranking */,
				BAAED80B2670401C00DF5647 /* ResultPage */,
				BAAED80A26703FFC00DF5647 /* PlayGame */,
				BAAED80926703FD100DF5647 /* TopPage */,
			);
			path = Pages;
			sourceTree = "<group>";
		};
		BAAED80926703FD100DF5647 /* TopPage */ = {
			isa = PBXGroup;
			children = (
				BA006F68243C58C0000AB5F6 /* ViewController.swift */,
				BA006F6A243C58C0000AB5F6 /* Main.storyboard */,
			);
			path = TopPage;
			sourceTree = "<group>";
		};
		BAAED80A26703FFC00DF5647 /* PlayGame */ = {
			isa = PBXGroup;
			children = (
				BA006F94243C5AB4000AB5F6 /* PlayGameViewController.swift */,
				BAAED81C267188F900DF5647 /* PlayGame.storyboard */,
				BAAED81E26718EFF00DF5647 /* PlayGamePresenter.swift */,
			);
			path = PlayGame;
			sourceTree = "<group>";
		};
		BAAED80B2670401C00DF5647 /* ResultPage */ = {
			isa = PBXGroup;
			children = (
				BA006F962441D131000AB5F6 /* TotalScoreViewController.swift */,
				BA006F982442FD73000AB5F6 /* RegisterNameViewController.swift */,
				BAAED822267708ED00DF5647 /* TotalScore.storyboard */,
				BAAED825267724DE00DF5647 /* RegisterNameDialog.storyboard */,
				BAAED8272677284F00DF5647 /* TotalScorePresenter.swift */,
				BAAED82C2679801000DF5647 /* RegisterNamePresenter.swift */,
			);
			path = ResultPage;
			sourceTree = "<group>";
		};
		BAAED80C2670403400DF5647 /* Ranking */ = {
			isa = PBXGroup;
			children = (
				BA006F9A244909C2000AB5F6 /* RankingDataViewController.swift */,
				BAE6E6862483E6460077D8AE /* RankingCell.swift */,
				BAE6E6872483E6460077D8AE /* RankingCell.xib */,
				BAAED82E267C183400DF5647 /* RankingData.storyboard */,
				BAAED830267C1FA500DF5647 /* RankingDataPresenter.swift */,
			);
			path = Ranking;
			sourceTree = "<group>";
		};
		BAAED80D267041EA00DF5647 /* Menu */ = {
			isa = PBXGroup;
			children = (
				BAE6E6BB249645BE0077D8AE /* MenuViewController.swift */,
				BAAED80E2670422300DF5647 /* Menu.storyboard */,
				BAAED8102670574E00DF5647 /* MenuPresenter.swift */,
			);
			path = Menu;
			sourceTree = "<group>";
		};
		BAAED8142670611E00DF5647 /* Common */ = {
			isa = PBXGroup;
			children = (
				BAAED8152670617100DF5647 /* CommonValue.swift */,
				BAAED8202671DD1700DF5647 /* Enums.swift */,
			);
			path = Common;
			sourceTree = "<group>";
		};
		BAAED829267977AF00DF5647 /* Model */ = {
			isa = PBXGroup;
			children = (
				BAAED82A267977DB00DF5647 /* RankingModel.swift */,
				BAABD9912A3981880056110F /* PlayGameModel.swift */,
			);
			path = Model;
			sourceTree = "<group>";
		};
		BAD1A74028E7070500A91A99 /* UseCase */ = {
			isa = PBXGroup;
			children = (
				BAD1A74128E7072E00A91A99 /* RankingUseCase.swift */,
			);
			path = UseCase;
			sourceTree = "<group>";
		};
		BAE6E69224919C970077D8AE /* kazesawa */ = {
			isa = PBXGroup;
			children = (
				BAE6E69324919C970077D8AE /* Kazesawa-Semibold.woff */,
				BAE6E69424919C970077D8AE /* Kazesawa-Bold.woff */,
				BAE6E69524919C970077D8AE /* source-sans-pro */,
				BAE6E69824919C970077D8AE /* Kazesawa-Regular.woff */,
				BAE6E69924919C970077D8AE /* Kazesawa-Extrabold.woff */,
				BAE6E69A24919C970077D8AE /* Kazesawa-Extrabold.ttf */,
				BAE6E69B24919C970077D8AE /* mplus */,
				BAE6E6A024919C980077D8AE /* Kazesawa-Light.woff */,
				BAE6E6A124919C980077D8AE /* Kazesawa-Bold.ttf */,
				BAE6E6A224919C980077D8AE /* Kazesawa-Semibold.ttf */,
				BAE6E6A324919C980077D8AE /* Kazesawa-ExtraLight.woff */,
				BAE6E6A424919C980077D8AE /* README.txt */,
				BAE6E6A524919C980077D8AE /* Kazesawa-Regular.ttf */,
				BAE6E6A624919C980077D8AE /* Kazesawa-ExtraLight.ttf */,
				BAE6E6A724919C980077D8AE /* LICENSE.txt */,
				BAE6E6A824919C980077D8AE /* Kazesawa-Light.ttf */,
			);
			path = kazesawa;
			sourceTree = "<group>";
		};
		BAE6E69524919C970077D8AE /* source-sans-pro */ = {
			isa = PBXGroup;
			children = (
				BAE6E69624919C970077D8AE /* README.md */,
				BAE6E69724919C970077D8AE /* LICENSE.txt */,
			);
			path = "source-sans-pro";
			sourceTree = "<group>";
		};
		BAE6E69B24919C970077D8AE /* mplus */ = {
			isa = PBXGroup;
			children = (
				BAE6E69C24919C980077D8AE /* README_J */,
				BAE6E69D24919C980077D8AE /* README_E */,
				BAE6E69E24919C980077D8AE /* LICENSE_E */,
				BAE6E69F24919C980077D8AE /* LICENSE_J */,
			);
			path = mplus;
			sourceTree = "<group>";
		};
/* End PBXGroup section */

/* Begin PBXNativeTarget section */
		BA006F60243C58C0000AB5F6 /* KoarasSimonSaysGame */ = {
			isa = PBXNativeTarget;
			buildConfigurationList = BA006F8B243C58C8000AB5F6 /* Build configuration list for PBXNativeTarget "KoarasSimonSaysGame" */;
			buildPhases = (
				DE7821B0C3F240E644705EE5 /* [CP] Check Pods Manifest.lock */,
				BA006F5D243C58C0000AB5F6 /* Sources */,
				BA006F5E243C58C0000AB5F6 /* Frameworks */,
				BA006F5F243C58C0000AB5F6 /* Resources */,
				71EF9DA4AAA0FE1B3634ABEE /* [CP] Embed Pods Frameworks */,
				BA4254A1269F15FC00DA876D /* Run Script */,
			);
			buildRules = (
			);
			dependencies = (
			);
			name = KoarasSimonSaysGame;
			productName = KoarasSimonSaysGame;
			productReference = BA006F61243C58C0000AB5F6 /* 旗ふりゲーム.app */;
			productType = "com.apple.product-type.application";
		};
		BA006F76243C58C8000AB5F6 /* KoarasSimonSaysGameTests */ = {
			isa = PBXNativeTarget;
			buildConfigurationList = BA006F8E243C58C8000AB5F6 /* Build configuration list for PBXNativeTarget "KoarasSimonSaysGameTests" */;
			buildPhases = (
				319905F12B0B0F757EFEEC7F /* [CP] Check Pods Manifest.lock */,
				BA006F73243C58C8000AB5F6 /* Sources */,
				BA006F74243C58C8000AB5F6 /* Frameworks */,
				BA006F75243C58C8000AB5F6 /* Resources */,
				A85D394EAEE4C99C355233E4 /* [CP] Embed Pods Frameworks */,
			);
			buildRules = (
			);
			dependencies = (
				BA006F79243C58C8000AB5F6 /* PBXTargetDependency */,
			);
			name = KoarasSimonSaysGameTests;
			productName = KoarasSimonSaysGameTests;
			productReference = BA006F77243C58C8000AB5F6 /* KoarasSimonSaysGameTests.xctest */;
			productType = "com.apple.product-type.bundle.unit-test";
		};
		BA006F81243C58C8000AB5F6 /* KoarasSimonSaysGameUITests */ = {
			isa = PBXNativeTarget;
			buildConfigurationList = BA006F91243C58C8000AB5F6 /* Build configuration list for PBXNativeTarget "KoarasSimonSaysGameUITests" */;
			buildPhases = (
				BA006F7E243C58C8000AB5F6 /* Sources */,
				BA006F7F243C58C8000AB5F6 /* Frameworks */,
				BA006F80243C58C8000AB5F6 /* Resources */,
			);
			buildRules = (
			);
			dependencies = (
				BA006F84243C58C8000AB5F6 /* PBXTargetDependency */,
			);
			name = KoarasSimonSaysGameUITests;
			productName = KoarasSimonSaysGameUITests;
			productReference = BA006F82243C58C8000AB5F6 /* KoarasSimonSaysGameUITests.xctest */;
			productType = "com.apple.product-type.bundle.ui-testing";
		};
		BAE5F5F8269D7A3500DBD2D7 /* KoarasSimonSaysGameDEVELOP */ = {
			isa = PBXNativeTarget;
			buildConfigurationList = BAE5F627269D7A3500DBD2D7 /* Build configuration list for PBXNativeTarget "KoarasSimonSaysGameDEVELOP" */;
			buildPhases = (
				BAE5F5F9269D7A3500DBD2D7 /* [CP] Check Pods Manifest.lock */,
				BAE5F5FA269D7A3500DBD2D7 /* Sources */,
				BAE5F60C269D7A3500DBD2D7 /* Frameworks */,
				BAE5F60E269D7A3500DBD2D7 /* Resources */,
				BAE5F626269D7A3500DBD2D7 /* [CP] Embed Pods Frameworks */,
				BA4254A2269FFE8400DA876D /* ShellScript */,
			);
			buildRules = (
			);
			dependencies = (
			);
			name = KoarasSimonSaysGameDEVELOP;
			productName = KoarasSimonSaysGame;
			productReference = BAE5F62A269D7A3500DBD2D7 /* KoarasSimonSaysGameDEVELOP.app */;
			productType = "com.apple.product-type.application";
		};
/* End PBXNativeTarget section */

/* Begin PBXProject section */
		BA006F59243C58C0000AB5F6 /* Project object */ = {
			isa = PBXProject;
			attributes = {
				LastSwiftUpdateCheck = 1130;
				LastUpgradeCheck = 1130;
				ORGANIZATIONNAME = yuikonno;
				TargetAttributes = {
					BA006F60243C58C0000AB5F6 = {
						CreatedOnToolsVersion = 11.3.1;
					};
					BA006F76243C58C8000AB5F6 = {
						CreatedOnToolsVersion = 11.3.1;
						TestTargetID = BA006F60243C58C0000AB5F6;
					};
					BA006F81243C58C8000AB5F6 = {
						CreatedOnToolsVersion = 11.3.1;
						TestTargetID = BA006F60243C58C0000AB5F6;
					};
				};
			};
			buildConfigurationList = BA006F5C243C58C0000AB5F6 /* Build configuration list for PBXProject "KoarasSimonSaysGame" */;
			compatibilityVersion = "Xcode 9.3";
			developmentRegion = en;
			hasScannedForEncodings = 0;
			knownRegions = (
				en,
				Base,
			);
			mainGroup = BA006F58243C58C0000AB5F6;
			productRefGroup = BA006F62243C58C0000AB5F6 /* Products */;
			projectDirPath = "";
			projectRoot = "";
			targets = (
				BA006F60243C58C0000AB5F6 /* KoarasSimonSaysGame */,
				BA006F76243C58C8000AB5F6 /* KoarasSimonSaysGameTests */,
				BA006F81243C58C8000AB5F6 /* KoarasSimonSaysGameUITests */,
				BAE5F5F8269D7A3500DBD2D7 /* KoarasSimonSaysGameDEVELOP */,
			);
		};
/* End PBXProject section */

/* Begin PBXResourcesBuildPhase section */
		BA006F5F243C58C0000AB5F6 /* Resources */ = {
			isa = PBXResourcesBuildPhase;
			buildActionMask = 2147483647;
			files = (
				BAE6E6AB249257410077D8AE /* Kazesawa-Extrabold.woff in Resources */,
				BAAED80F2670422300DF5647 /* Menu.storyboard in Resources */,
				BAE6E6B02492576D0077D8AE /* Kazesawa-Bold.ttf in Resources */,
				BAE6E6AC249257460077D8AE /* Kazesawa-Regular.woff in Resources */,
				BAE6E6B32492577D0077D8AE /* Kazesawa-ExtraLight.ttf in Resources */,
				BAAED823267708ED00DF5647 /* TotalScore.storyboard in Resources */,
				BAAED82F267C183400DF5647 /* RankingData.storyboard in Resources */,
				BAE6E6AA24919CFD0077D8AE /* Kazesawa-Bold.woff in Resources */,
				BAAED81D267188F900DF5647 /* PlayGame.storyboard in Resources */,
				BAE6E6A924919CF60077D8AE /* Kazesawa-Semibold.woff in Resources */,
				BA006F71243C58C8000AB5F6 /* LaunchScreen.storyboard in Resources */,
				BAE6E6AE249257580077D8AE /* Kazesawa-ExtraLight.woff in Resources */,
				BAE6E6B2249257790077D8AE /* Kazesawa-Regular.ttf in Resources */,
				BA6DA34E2560E27B00DD918F /* playBGM.mp3 in Resources */,
				BAE6E6AF249257680077D8AE /* Kazesawa-Extrabold.ttf in Resources */,
				BA4C969C24B1984900226834 /* GoogleService-Info.plist in Resources */,
				BA4254A426A081BC00DA876D /* Settings.bundle in Resources */,
				BAE6E6892483E6460077D8AE /* RankingCell.xib in Resources */,
				BA006F6E243C58C8000AB5F6 /* Assets.xcassets in Resources */,
				BA006F6C243C58C0000AB5F6 /* Main.storyboard in Resources */,
				BAAED826267724DE00DF5647 /* RegisterNameDialog.storyboard in Resources */,
				BAE6E6B4249257810077D8AE /* Kazesawa-Light.ttf in Resources */,
				BAE6E6B12492576F0077D8AE /* Kazesawa-Semibold.ttf in Resources */,
				BAE6E6AD249257530077D8AE /* Kazesawa-Light.woff in Resources */,
			);
			runOnlyForDeploymentPostprocessing = 0;
		};
		BA006F75243C58C8000AB5F6 /* Resources */ = {
			isa = PBXResourcesBuildPhase;
			buildActionMask = 2147483647;
			files = (
			);
			runOnlyForDeploymentPostprocessing = 0;
		};
		BA006F80243C58C8000AB5F6 /* Resources */ = {
			isa = PBXResourcesBuildPhase;
			buildActionMask = 2147483647;
			files = (
			);
			runOnlyForDeploymentPostprocessing = 0;
		};
		BAE5F60E269D7A3500DBD2D7 /* Resources */ = {
			isa = PBXResourcesBuildPhase;
			buildActionMask = 2147483647;
			files = (
				BAE5F60F269D7A3500DBD2D7 /* Kazesawa-Extrabold.woff in Resources */,
				BAE5F610269D7A3500DBD2D7 /* Menu.storyboard in Resources */,
				BAE5F611269D7A3500DBD2D7 /* Kazesawa-Bold.ttf in Resources */,
				BAE5F612269D7A3500DBD2D7 /* Kazesawa-Regular.woff in Resources */,
				BAE5F613269D7A3500DBD2D7 /* Kazesawa-ExtraLight.ttf in Resources */,
				BAE5F614269D7A3500DBD2D7 /* TotalScore.storyboard in Resources */,
				BAE5F615269D7A3500DBD2D7 /* RankingData.storyboard in Resources */,
				BAE5F616269D7A3500DBD2D7 /* Kazesawa-Bold.woff in Resources */,
				BAE5F617269D7A3500DBD2D7 /* PlayGame.storyboard in Resources */,
				BAE5F618269D7A3500DBD2D7 /* Kazesawa-Semibold.woff in Resources */,
				BAE5F619269D7A3500DBD2D7 /* LaunchScreen.storyboard in Resources */,
				BAE5F61A269D7A3500DBD2D7 /* Kazesawa-ExtraLight.woff in Resources */,
				BAE5F61B269D7A3500DBD2D7 /* Kazesawa-Regular.ttf in Resources */,
				BAE5F61C269D7A3500DBD2D7 /* playBGM.mp3 in Resources */,
				BAE5F61D269D7A3500DBD2D7 /* Kazesawa-Extrabold.ttf in Resources */,
				BAE5F61E269D7A3500DBD2D7 /* GoogleService-Info.plist in Resources */,
				BA4254A526A081E300DA876D /* Settings.bundle in Resources */,
				BAE5F61F269D7A3500DBD2D7 /* RankingCell.xib in Resources */,
				BAE5F620269D7A3500DBD2D7 /* Assets.xcassets in Resources */,
				BAE5F621269D7A3500DBD2D7 /* Main.storyboard in Resources */,
				BAE5F622269D7A3500DBD2D7 /* RegisterNameDialog.storyboard in Resources */,
				BAE5F623269D7A3500DBD2D7 /* Kazesawa-Light.ttf in Resources */,
				BAE5F624269D7A3500DBD2D7 /* Kazesawa-Semibold.ttf in Resources */,
				BAE5F625269D7A3500DBD2D7 /* Kazesawa-Light.woff in Resources */,
			);
			runOnlyForDeploymentPostprocessing = 0;
		};
/* End PBXResourcesBuildPhase section */

/* Begin PBXShellScriptBuildPhase section */
		319905F12B0B0F757EFEEC7F /* [CP] Check Pods Manifest.lock */ = {
			isa = PBXShellScriptBuildPhase;
			buildActionMask = 2147483647;
			files = (
			);
			inputFileListPaths = (
			);
			inputPaths = (
				"${PODS_PODFILE_DIR_PATH}/Podfile.lock",
				"${PODS_ROOT}/Manifest.lock",
			);
			name = "[CP] Check Pods Manifest.lock";
			outputFileListPaths = (
			);
			outputPaths = (
				"$(DERIVED_FILE_DIR)/Pods-KoarasSimonSaysGameTests-checkManifestLockResult.txt",
			);
			runOnlyForDeploymentPostprocessing = 0;
			shellPath = /bin/sh;
			shellScript = "diff \"${PODS_PODFILE_DIR_PATH}/Podfile.lock\" \"${PODS_ROOT}/Manifest.lock\" > /dev/null\nif [ $? != 0 ] ; then\n    # print error to STDERR\n    echo \"error: The sandbox is not in sync with the Podfile.lock. Run 'pod install' or update your CocoaPods installation.\" >&2\n    exit 1\nfi\n# This output is used by Xcode 'outputs' to avoid re-running this script phase.\necho \"SUCCESS\" > \"${SCRIPT_OUTPUT_FILE_0}\"\n";
			showEnvVarsInLog = 0;
		};
		71EF9DA4AAA0FE1B3634ABEE /* [CP] Embed Pods Frameworks */ = {
			isa = PBXShellScriptBuildPhase;
			buildActionMask = 2147483647;
			files = (
			);
			inputFileListPaths = (
				"${PODS_ROOT}/Target Support Files/Pods-KoarasSimonSaysGame/Pods-KoarasSimonSaysGame-frameworks-${CONFIGURATION}-input-files.xcfilelist",
			);
			name = "[CP] Embed Pods Frameworks";
			outputFileListPaths = (
				"${PODS_ROOT}/Target Support Files/Pods-KoarasSimonSaysGame/Pods-KoarasSimonSaysGame-frameworks-${CONFIGURATION}-output-files.xcfilelist",
			);
			runOnlyForDeploymentPostprocessing = 0;
			shellPath = /bin/sh;
			shellScript = "\"${PODS_ROOT}/Target Support Files/Pods-KoarasSimonSaysGame/Pods-KoarasSimonSaysGame-frameworks.sh\"\n";
			showEnvVarsInLog = 0;
		};
		A85D394EAEE4C99C355233E4 /* [CP] Embed Pods Frameworks */ = {
			isa = PBXShellScriptBuildPhase;
			buildActionMask = 2147483647;
			files = (
			);
			inputFileListPaths = (
				"${PODS_ROOT}/Target Support Files/Pods-KoarasSimonSaysGameTests/Pods-KoarasSimonSaysGameTests-frameworks-${CONFIGURATION}-input-files.xcfilelist",
			);
			name = "[CP] Embed Pods Frameworks";
			outputFileListPaths = (
				"${PODS_ROOT}/Target Support Files/Pods-KoarasSimonSaysGameTests/Pods-KoarasSimonSaysGameTests-frameworks-${CONFIGURATION}-output-files.xcfilelist",
			);
			runOnlyForDeploymentPostprocessing = 0;
			shellPath = /bin/sh;
			shellScript = "\"${PODS_ROOT}/Target Support Files/Pods-KoarasSimonSaysGameTests/Pods-KoarasSimonSaysGameTests-frameworks.sh\"\n";
			showEnvVarsInLog = 0;
		};
		BA4254A1269F15FC00DA876D /* Run Script */ = {
			isa = PBXShellScriptBuildPhase;
			buildActionMask = 2147483647;
			files = (
			);
			inputFileListPaths = (
			);
			inputPaths = (
			);
			name = "Run Script";
			outputFileListPaths = (
			);
			outputPaths = (
			);
			runOnlyForDeploymentPostprocessing = 0;
			shellPath = /bin/sh;
			shellScript = "# Type a script or drag a script file from your workspace to insert its path.\nif [ $CONFIGURATION = \"Debug\" ]; then\n    ${PODS_ROOT}/LicensePlist/license-plist --output-path $PROJECT_NAME/Settings.bundle\nfi\n";
		};
		BA4254A2269FFE8400DA876D /* ShellScript */ = {
			isa = PBXShellScriptBuildPhase;
			buildActionMask = 2147483647;
			files = (
			);
			inputFileListPaths = (
			);
			inputPaths = (
			);
			outputFileListPaths = (
			);
			outputPaths = (
			);
			runOnlyForDeploymentPostprocessing = 0;
			shellPath = /bin/sh;
			shellScript = "if [ $CONFIGURATION = \"Debug\" ]; then\n    ${PODS_ROOT}/LicensePlist/license-plist --output-path $PRODUCT_NAME/Settings.bundle\nfi\n";
		};
		BAE5F5F9269D7A3500DBD2D7 /* [CP] Check Pods Manifest.lock */ = {
			isa = PBXShellScriptBuildPhase;
			buildActionMask = 2147483647;
			files = (
			);
			inputFileListPaths = (
			);
			inputPaths = (
				"${PODS_PODFILE_DIR_PATH}/Podfile.lock",
				"${PODS_ROOT}/Manifest.lock",
			);
			name = "[CP] Check Pods Manifest.lock";
			outputFileListPaths = (
			);
			outputPaths = (
				"$(DERIVED_FILE_DIR)/Pods-KoarasSimonSaysGameDEVELOP-checkManifestLockResult.txt",
			);
			runOnlyForDeploymentPostprocessing = 0;
			shellPath = /bin/sh;
			shellScript = "diff \"${PODS_PODFILE_DIR_PATH}/Podfile.lock\" \"${PODS_ROOT}/Manifest.lock\" > /dev/null\nif [ $? != 0 ] ; then\n    # print error to STDERR\n    echo \"error: The sandbox is not in sync with the Podfile.lock. Run 'pod install' or update your CocoaPods installation.\" >&2\n    exit 1\nfi\n# This output is used by Xcode 'outputs' to avoid re-running this script phase.\necho \"SUCCESS\" > \"${SCRIPT_OUTPUT_FILE_0}\"\n";
			showEnvVarsInLog = 0;
		};
		BAE5F626269D7A3500DBD2D7 /* [CP] Embed Pods Frameworks */ = {
			isa = PBXShellScriptBuildPhase;
			buildActionMask = 2147483647;
			files = (
			);
			inputFileListPaths = (
				"${PODS_ROOT}/Target Support Files/Pods-KoarasSimonSaysGameDEVELOP/Pods-KoarasSimonSaysGameDEVELOP-frameworks-${CONFIGURATION}-input-files.xcfilelist",
			);
			name = "[CP] Embed Pods Frameworks";
			outputFileListPaths = (
				"${PODS_ROOT}/Target Support Files/Pods-KoarasSimonSaysGameDEVELOP/Pods-KoarasSimonSaysGameDEVELOP-frameworks-${CONFIGURATION}-output-files.xcfilelist",
			);
			runOnlyForDeploymentPostprocessing = 0;
			shellPath = /bin/sh;
			shellScript = "\"${PODS_ROOT}/Target Support Files/Pods-KoarasSimonSaysGameDEVELOP/Pods-KoarasSimonSaysGameDEVELOP-frameworks.sh\"\n";
			showEnvVarsInLog = 0;
		};
		DE7821B0C3F240E644705EE5 /* [CP] Check Pods Manifest.lock */ = {
			isa = PBXShellScriptBuildPhase;
			buildActionMask = 2147483647;
			files = (
			);
			inputFileListPaths = (
			);
			inputPaths = (
				"${PODS_PODFILE_DIR_PATH}/Podfile.lock",
				"${PODS_ROOT}/Manifest.lock",
			);
			name = "[CP] Check Pods Manifest.lock";
			outputFileListPaths = (
			);
			outputPaths = (
				"$(DERIVED_FILE_DIR)/Pods-KoarasSimonSaysGame-checkManifestLockResult.txt",
			);
			runOnlyForDeploymentPostprocessing = 0;
			shellPath = /bin/sh;
			shellScript = "diff \"${PODS_PODFILE_DIR_PATH}/Podfile.lock\" \"${PODS_ROOT}/Manifest.lock\" > /dev/null\nif [ $? != 0 ] ; then\n    # print error to STDERR\n    echo \"error: The sandbox is not in sync with the Podfile.lock. Run 'pod install' or update your CocoaPods installation.\" >&2\n    exit 1\nfi\n# This output is used by Xcode 'outputs' to avoid re-running this script phase.\necho \"SUCCESS\" > \"${SCRIPT_OUTPUT_FILE_0}\"\n";
			showEnvVarsInLog = 0;
		};
/* End PBXShellScriptBuildPhase section */

/* Begin PBXSourcesBuildPhase section */
		BA006F5D243C58C0000AB5F6 /* Sources */ = {
			isa = PBXSourcesBuildPhase;
			buildActionMask = 2147483647;
			files = (
				BA4254A726A289E400DA876D /* AnalyticsManager.swift in Sources */,
				BA006F69243C58C0000AB5F6 /* ViewController.swift in Sources */,
				BA006F9B244909C2000AB5F6 /* RankingDataViewController.swift in Sources */,
				BA006F65243C58C0000AB5F6 /* AppDelegate.swift in Sources */,
				BAAED831267C1FA500DF5647 /* RankingDataPresenter.swift in Sources */,
				BAAED8112670574E00DF5647 /* MenuPresenter.swift in Sources */,
				BAAED82D2679801000DF5647 /* RegisterNamePresenter.swift in Sources */,
				BA006F992442FD74000AB5F6 /* RegisterNameViewController.swift in Sources */,
				BAE6E6BC249645BE0077D8AE /* MenuViewController.swift in Sources */,
				BAAED8282677284F00DF5647 /* TotalScorePresenter.swift in Sources */,
				BAAED82B267977DB00DF5647 /* RankingModel.swift in Sources */,
				BAABD9922A3981880056110F /* PlayGameModel.swift in Sources */,
				BAAED81F26718EFF00DF5647 /* PlayGamePresenter.swift in Sources */,
				BAAED8212671DD1700DF5647 /* Enums.swift in Sources */,
				BAD1A74228E7072E00A91A99 /* RankingUseCase.swift in Sources */,
				BAAED8162670617100DF5647 /* CommonValue.swift in Sources */,
				BA006F95243C5AB4000AB5F6 /* PlayGameViewController.swift in Sources */,
				BA006F67243C58C0000AB5F6 /* SceneDelegate.swift in Sources */,
				BAE6E6882483E6460077D8AE /* RankingCell.swift in Sources */,
				BA006F972441D132000AB5F6 /* TotalScoreViewController.swift in Sources */,
			);
			runOnlyForDeploymentPostprocessing = 0;
		};
		BA006F73243C58C8000AB5F6 /* Sources */ = {
			isa = PBXSourcesBuildPhase;
			buildActionMask = 2147483647;
			files = (
				BA006F7C243C58C8000AB5F6 /* KoarasSimonSaysGameTests.swift in Sources */,
				BAABD9962A398C430056110F /* PlayGameModelTests.swift in Sources */,
			);
			runOnlyForDeploymentPostprocessing = 0;
		};
		BA006F7E243C58C8000AB5F6 /* Sources */ = {
			isa = PBXSourcesBuildPhase;
			buildActionMask = 2147483647;
			files = (
				BA006F87243C58C8000AB5F6 /* KoarasSimonSaysGameUITests.swift in Sources */,
			);
			runOnlyForDeploymentPostprocessing = 0;
		};
		BAE5F5FA269D7A3500DBD2D7 /* Sources */ = {
			isa = PBXSourcesBuildPhase;
			buildActionMask = 2147483647;
			files = (
				BA4254A826A289E400DA876D /* AnalyticsManager.swift in Sources */,
				BAE5F5FB269D7A3500DBD2D7 /* ViewController.swift in Sources */,
				BAE5F5FC269D7A3500DBD2D7 /* RankingDataViewController.swift in Sources */,
				BAE5F5FD269D7A3500DBD2D7 /* AppDelegate.swift in Sources */,
				BAABD9972A398C430056110F /* PlayGameModelTests.swift in Sources */,
				BAE5F5FE269D7A3500DBD2D7 /* RankingDataPresenter.swift in Sources */,
				BAE5F5FF269D7A3500DBD2D7 /* MenuPresenter.swift in Sources */,
				BAE5F600269D7A3500DBD2D7 /* RegisterNamePresenter.swift in Sources */,
				BAE5F601269D7A3500DBD2D7 /* RegisterNameViewController.swift in Sources */,
				BAE5F602269D7A3500DBD2D7 /* MenuViewController.swift in Sources */,
				BAE5F603269D7A3500DBD2D7 /* TotalScorePresenter.swift in Sources */,
				BAE5F604269D7A3500DBD2D7 /* RankingModel.swift in Sources */,
				BAABD9932A3981880056110F /* PlayGameModel.swift in Sources */,
				BAE5F605269D7A3500DBD2D7 /* PlayGamePresenter.swift in Sources */,
				BAE5F606269D7A3500DBD2D7 /* Enums.swift in Sources */,
				BAD1A74328E7072E00A91A99 /* RankingUseCase.swift in Sources */,
				BAE5F607269D7A3500DBD2D7 /* CommonValue.swift in Sources */,
				BAE5F608269D7A3500DBD2D7 /* PlayGameViewController.swift in Sources */,
				BAE5F609269D7A3500DBD2D7 /* SceneDelegate.swift in Sources */,
				BAE5F60A269D7A3500DBD2D7 /* RankingCell.swift in Sources */,
				BAE5F60B269D7A3500DBD2D7 /* TotalScoreViewController.swift in Sources */,
			);
			runOnlyForDeploymentPostprocessing = 0;
		};
/* End PBXSourcesBuildPhase section */

/* Begin PBXTargetDependency section */
		BA006F79243C58C8000AB5F6 /* PBXTargetDependency */ = {
			isa = PBXTargetDependency;
			target = BA006F60243C58C0000AB5F6 /* KoarasSimonSaysGame */;
			targetProxy = BA006F78243C58C8000AB5F6 /* PBXContainerItemProxy */;
		};
		BA006F84243C58C8000AB5F6 /* PBXTargetDependency */ = {
			isa = PBXTargetDependency;
			target = BA006F60243C58C0000AB5F6 /* KoarasSimonSaysGame */;
			targetProxy = BA006F83243C58C8000AB5F6 /* PBXContainerItemProxy */;
		};
/* End PBXTargetDependency section */

/* Begin PBXVariantGroup section */
		BA006F6A243C58C0000AB5F6 /* Main.storyboard */ = {
			isa = PBXVariantGroup;
			children = (
				BA006F6B243C58C0000AB5F6 /* Base */,
			);
			name = Main.storyboard;
			sourceTree = "<group>";
		};
		BA006F6F243C58C8000AB5F6 /* LaunchScreen.storyboard */ = {
			isa = PBXVariantGroup;
			children = (
				BA006F70243C58C8000AB5F6 /* Base */,
			);
			name = LaunchScreen.storyboard;
			sourceTree = "<group>";
		};
/* End PBXVariantGroup section */

/* Begin XCBuildConfiguration section */
		BA006F89243C58C8000AB5F6 /* Debug */ = {
			isa = XCBuildConfiguration;
			buildSettings = {
				ALWAYS_SEARCH_USER_PATHS = NO;
				CLANG_ANALYZER_NONNULL = YES;
				CLANG_ANALYZER_NUMBER_OBJECT_CONVERSION = YES_AGGRESSIVE;
				CLANG_CXX_LANGUAGE_STANDARD = "gnu++14";
				CLANG_CXX_LIBRARY = "libc++";
				CLANG_ENABLE_MODULES = YES;
				CLANG_ENABLE_OBJC_ARC = YES;
				CLANG_ENABLE_OBJC_WEAK = YES;
				CLANG_WARN_BLOCK_CAPTURE_AUTORELEASING = YES;
				CLANG_WARN_BOOL_CONVERSION = YES;
				CLANG_WARN_COMMA = YES;
				CLANG_WARN_CONSTANT_CONVERSION = YES;
				CLANG_WARN_DEPRECATED_OBJC_IMPLEMENTATIONS = YES;
				CLANG_WARN_DIRECT_OBJC_ISA_USAGE = YES_ERROR;
				CLANG_WARN_DOCUMENTATION_COMMENTS = YES;
				CLANG_WARN_EMPTY_BODY = YES;
				CLANG_WARN_ENUM_CONVERSION = YES;
				CLANG_WARN_INFINITE_RECURSION = YES;
				CLANG_WARN_INT_CONVERSION = YES;
				CLANG_WARN_NON_LITERAL_NULL_CONVERSION = YES;
				CLANG_WARN_OBJC_IMPLICIT_RETAIN_SELF = YES;
				CLANG_WARN_OBJC_LITERAL_CONVERSION = YES;
				CLANG_WARN_OBJC_ROOT_CLASS = YES_ERROR;
				CLANG_WARN_RANGE_LOOP_ANALYSIS = YES;
				CLANG_WARN_STRICT_PROTOTYPES = YES;
				CLANG_WARN_SUSPICIOUS_MOVE = YES;
				CLANG_WARN_UNGUARDED_AVAILABILITY = YES_AGGRESSIVE;
				CLANG_WARN_UNREACHABLE_CODE = YES;
				CLANG_WARN__DUPLICATE_METHOD_MATCH = YES;
				COPY_PHASE_STRIP = NO;
				DEBUG_INFORMATION_FORMAT = dwarf;
				ENABLE_STRICT_OBJC_MSGSEND = YES;
				ENABLE_TESTABILITY = YES;
				GCC_C_LANGUAGE_STANDARD = gnu11;
				GCC_DYNAMIC_NO_PIC = NO;
				GCC_NO_COMMON_BLOCKS = YES;
				GCC_OPTIMIZATION_LEVEL = 0;
				GCC_PREPROCESSOR_DEFINITIONS = (
					"DEBUG=1",
					"$(inherited)",
				);
				GCC_WARN_64_TO_32_BIT_CONVERSION = YES;
				GCC_WARN_ABOUT_RETURN_TYPE = YES_ERROR;
				GCC_WARN_UNDECLARED_SELECTOR = YES;
				GCC_WARN_UNINITIALIZED_AUTOS = YES_AGGRESSIVE;
				GCC_WARN_UNUSED_FUNCTION = YES;
				GCC_WARN_UNUSED_VARIABLE = YES;
				IPHONEOS_DEPLOYMENT_TARGET = 13.0;
				MTL_ENABLE_DEBUG_INFO = INCLUDE_SOURCE;
				MTL_FAST_MATH = YES;
				ONLY_ACTIVE_ARCH = YES;
				SDKROOT = iphoneos;
				SWIFT_ACTIVE_COMPILATION_CONDITIONS = DEBUG;
				SWIFT_OPTIMIZATION_LEVEL = "-Onone";
			};
			name = Debug;
		};
		BA006F8A243C58C8000AB5F6 /* Release */ = {
			isa = XCBuildConfiguration;
			buildSettings = {
				ALWAYS_SEARCH_USER_PATHS = NO;
				CLANG_ANALYZER_NONNULL = YES;
				CLANG_ANALYZER_NUMBER_OBJECT_CONVERSION = YES_AGGRESSIVE;
				CLANG_CXX_LANGUAGE_STANDARD = "gnu++14";
				CLANG_CXX_LIBRARY = "libc++";
				CLANG_ENABLE_MODULES = YES;
				CLANG_ENABLE_OBJC_ARC = YES;
				CLANG_ENABLE_OBJC_WEAK = YES;
				CLANG_WARN_BLOCK_CAPTURE_AUTORELEASING = YES;
				CLANG_WARN_BOOL_CONVERSION = YES;
				CLANG_WARN_COMMA = YES;
				CLANG_WARN_CONSTANT_CONVERSION = YES;
				CLANG_WARN_DEPRECATED_OBJC_IMPLEMENTATIONS = YES;
				CLANG_WARN_DIRECT_OBJC_ISA_USAGE = YES_ERROR;
				CLANG_WARN_DOCUMENTATION_COMMENTS = YES;
				CLANG_WARN_EMPTY_BODY = YES;
				CLANG_WARN_ENUM_CONVERSION = YES;
				CLANG_WARN_INFINITE_RECURSION = YES;
				CLANG_WARN_INT_CONVERSION = YES;
				CLANG_WARN_NON_LITERAL_NULL_CONVERSION = YES;
				CLANG_WARN_OBJC_IMPLICIT_RETAIN_SELF = YES;
				CLANG_WARN_OBJC_LITERAL_CONVERSION = YES;
				CLANG_WARN_OBJC_ROOT_CLASS = YES_ERROR;
				CLANG_WARN_RANGE_LOOP_ANALYSIS = YES;
				CLANG_WARN_STRICT_PROTOTYPES = YES;
				CLANG_WARN_SUSPICIOUS_MOVE = YES;
				CLANG_WARN_UNGUARDED_AVAILABILITY = YES_AGGRESSIVE;
				CLANG_WARN_UNREACHABLE_CODE = YES;
				CLANG_WARN__DUPLICATE_METHOD_MATCH = YES;
				COPY_PHASE_STRIP = NO;
				DEBUG_INFORMATION_FORMAT = "dwarf-with-dsym";
				ENABLE_NS_ASSERTIONS = NO;
				ENABLE_STRICT_OBJC_MSGSEND = YES;
				GCC_C_LANGUAGE_STANDARD = gnu11;
				GCC_NO_COMMON_BLOCKS = YES;
				GCC_WARN_64_TO_32_BIT_CONVERSION = YES;
				GCC_WARN_ABOUT_RETURN_TYPE = YES_ERROR;
				GCC_WARN_UNDECLARED_SELECTOR = YES;
				GCC_WARN_UNINITIALIZED_AUTOS = YES_AGGRESSIVE;
				GCC_WARN_UNUSED_FUNCTION = YES;
				GCC_WARN_UNUSED_VARIABLE = YES;
				IPHONEOS_DEPLOYMENT_TARGET = 13.0;
				MTL_ENABLE_DEBUG_INFO = NO;
				MTL_FAST_MATH = YES;
				SDKROOT = iphoneos;
				SWIFT_COMPILATION_MODE = wholemodule;
				SWIFT_OPTIMIZATION_LEVEL = "-O";
				VALIDATE_PRODUCT = YES;
			};
			name = Release;
		};
		BA006F8C243C58C8000AB5F6 /* Debug */ = {
			isa = XCBuildConfiguration;
			baseConfigurationReference = C9509991A866A86400DB60E8 /* Pods-KoarasSimonSaysGame.debug.xcconfig */;
			buildSettings = {
				ASSETCATALOG_COMPILER_APPICON_NAME = AppIcon;
				CODE_SIGN_IDENTITY = "iPhone Distribution";
				CODE_SIGN_STYLE = Manual;
				CURRENT_PROJECT_VERSION = 5;
				DEVELOPMENT_TEAM = P2SUKVPCW7;
				DISPLAY_NAME = "旗ふりゲーム";
				INFOPLIST_FILE = KoarasSimonSaysGame/Info.plist;
				IPHONEOS_DEPLOYMENT_TARGET = 10.0;
				LD_RUNPATH_SEARCH_PATHS = (
					"$(inherited)",
					"@executable_path/Frameworks",
				);
				MARKETING_VERSION = 2.1.2;
				PRODUCT_BUNDLE_IDENTIFIER = com.yui.KoalasSimonSaysGame;
				PRODUCT_NAME = "旗ふりゲーム";
				PROVISIONING_PROFILE_SPECIFIER = KoalasSimonSaysGame;
				SWIFT_VERSION = 5.0;
				TARGETED_DEVICE_FAMILY = "1,2";
			};
			name = Debug;
		};
		BA006F8D243C58C8000AB5F6 /* Release */ = {
			isa = XCBuildConfiguration;
			baseConfigurationReference = 3C55BF73379D4201C49FCD86 /* Pods-KoarasSimonSaysGame.release.xcconfig */;
			buildSettings = {
				ASSETCATALOG_COMPILER_APPICON_NAME = AppIcon;
				CODE_SIGN_IDENTITY = "iPhone Distribution";
				CODE_SIGN_STYLE = Manual;
				CURRENT_PROJECT_VERSION = 5;
				DEVELOPMENT_TEAM = P2SUKVPCW7;
				DISPLAY_NAME = "旗ふりゲーム";
				INFOPLIST_FILE = KoarasSimonSaysGame/Info.plist;
				IPHONEOS_DEPLOYMENT_TARGET = 10.0;
				LD_RUNPATH_SEARCH_PATHS = (
					"$(inherited)",
					"@executable_path/Frameworks",
				);
				MARKETING_VERSION = 2.1.2;
				PRODUCT_BUNDLE_IDENTIFIER = com.yui.KoalasSimonSaysGame;
				PRODUCT_NAME = "旗ふりゲーム";
				PROVISIONING_PROFILE_SPECIFIER = KoalasSimonSaysGame;
				SWIFT_VERSION = 5.0;
				TARGETED_DEVICE_FAMILY = "1,2";
			};
			name = Release;
		};
		BA006F8F243C58C8000AB5F6 /* Debug */ = {
			isa = XCBuildConfiguration;
			baseConfigurationReference = 1131CFF31125C4D366A6A1CB /* Pods-KoarasSimonSaysGameTests.debug.xcconfig */;
			buildSettings = {
				ALWAYS_EMBED_SWIFT_STANDARD_LIBRARIES = YES;
				BUNDLE_LOADER = "$(TEST_HOST)";
				CODE_SIGN_STYLE = Automatic;
				DEVELOPMENT_TEAM = 6YWC5R2B4W;
				INFOPLIST_FILE = KoarasSimonSaysGameTests/Info.plist;
				IPHONEOS_DEPLOYMENT_TARGET = 13.2;
				LD_RUNPATH_SEARCH_PATHS = (
					"$(inherited)",
					"@executable_path/Frameworks",
					"@loader_path/Frameworks",
				);
				PRODUCT_BUNDLE_IDENTIFIER = com.yui.KoarasSimonSaysGameTests;
				PRODUCT_NAME = "$(TARGET_NAME)";
				SWIFT_VERSION = 5.0;
				TARGETED_DEVICE_FAMILY = "1,2";
				TEST_HOST = "$(BUNDLE_LOADER)";
			};
			name = Debug;
		};
		BA006F90243C58C8000AB5F6 /* Release */ = {
			isa = XCBuildConfiguration;
			baseConfigurationReference = A7A229D729B8F4E31A60FC31 /* Pods-KoarasSimonSaysGameTests.release.xcconfig */;
			buildSettings = {
				ALWAYS_EMBED_SWIFT_STANDARD_LIBRARIES = YES;
				BUNDLE_LOADER = "$(TEST_HOST)";
				CODE_SIGN_STYLE = Automatic;
				DEVELOPMENT_TEAM = 6YWC5R2B4W;
				INFOPLIST_FILE = KoarasSimonSaysGameTests/Info.plist;
				IPHONEOS_DEPLOYMENT_TARGET = 13.2;
				LD_RUNPATH_SEARCH_PATHS = (
					"$(inherited)",
					"@executable_path/Frameworks",
					"@loader_path/Frameworks",
				);
				PRODUCT_BUNDLE_IDENTIFIER = com.yui.KoarasSimonSaysGameTests;
				PRODUCT_NAME = "$(TARGET_NAME)";
				SWIFT_VERSION = 5.0;
				TARGETED_DEVICE_FAMILY = "1,2";
				TEST_HOST = "$(BUILT_PRODUCTS_DIR)/KoarasSimonSaysGame.app/KoarasSimonSaysGame";
			};
			name = Release;
		};
		BA006F92243C58C8000AB5F6 /* Debug */ = {
			isa = XCBuildConfiguration;
			buildSettings = {
				ALWAYS_EMBED_SWIFT_STANDARD_LIBRARIES = YES;
				CODE_SIGN_STYLE = Automatic;
				DEVELOPMENT_TEAM = 6YWC5R2B4W;
				INFOPLIST_FILE = KoarasSimonSaysGameUITests/Info.plist;
				LD_RUNPATH_SEARCH_PATHS = (
					"$(inherited)",
					"@executable_path/Frameworks",
					"@loader_path/Frameworks",
				);
				PRODUCT_BUNDLE_IDENTIFIER = com.yui.KoarasSimonSaysGameUITests;
				PRODUCT_NAME = "$(TARGET_NAME)";
				SWIFT_VERSION = 5.0;
				TARGETED_DEVICE_FAMILY = "1,2";
				TEST_TARGET_NAME = KoarasSimonSaysGame;
			};
			name = Debug;
		};
		BA006F93243C58C8000AB5F6 /* Release */ = {
			isa = XCBuildConfiguration;
			buildSettings = {
				ALWAYS_EMBED_SWIFT_STANDARD_LIBRARIES = YES;
				CODE_SIGN_STYLE = Automatic;
				DEVELOPMENT_TEAM = 6YWC5R2B4W;
				INFOPLIST_FILE = KoarasSimonSaysGameUITests/Info.plist;
				LD_RUNPATH_SEARCH_PATHS = (
					"$(inherited)",
					"@executable_path/Frameworks",
					"@loader_path/Frameworks",
				);
				PRODUCT_BUNDLE_IDENTIFIER = com.yui.KoarasSimonSaysGameUITests;
				PRODUCT_NAME = "$(TARGET_NAME)";
				SWIFT_VERSION = 5.0;
				TARGETED_DEVICE_FAMILY = "1,2";
				TEST_TARGET_NAME = KoarasSimonSaysGame;
			};
			name = Release;
		};
		BAE5F628269D7A3500DBD2D7 /* Debug */ = {
			isa = XCBuildConfiguration;
			baseConfigurationReference = 9355AA32FC6740B5658BE4E7 /* Pods-KoarasSimonSaysGameDEVELOP.debug.xcconfig */;
			buildSettings = {
				ASSETCATALOG_COMPILER_APPICON_NAME = AppIcon;
				CODE_SIGN_IDENTITY = "iPhone Developer";
				CODE_SIGN_STYLE = Manual;
				CURRENT_PROJECT_VERSION = 5;
				DEVELOPMENT_TEAM = P2SUKVPCW7;
				DISPLAY_NAME = "旗ふりゲームDev";
				INFOPLIST_FILE = KoarasSimonSaysGame/Info.plist;
				IPHONEOS_DEPLOYMENT_TARGET = 10.0;
				LD_RUNPATH_SEARCH_PATHS = (
					"$(inherited)",
					"@executable_path/Frameworks",
				);
				MARKETING_VERSION = 2.1.2;
				PRODUCT_BUNDLE_IDENTIFIER = "com.yui.KoalasSimonSaysGame-DEVELOP";
				PRODUCT_NAME = "$(TARGET_NAME)";
				PROVISIONING_PROFILE_SPECIFIER = KoalasSimonSaysGameDev;
				SWIFT_VERSION = 5.0;
				TARGETED_DEVICE_FAMILY = "1,2";
			};
			name = Debug;
		};
		BAE5F629269D7A3500DBD2D7 /* Release */ = {
			isa = XCBuildConfiguration;
			baseConfigurationReference = A2B6FA164AFF879D5629D244 /* Pods-KoarasSimonSaysGameDEVELOP.release.xcconfig */;
			buildSettings = {
				ASSETCATALOG_COMPILER_APPICON_NAME = AppIcon;
				CODE_SIGN_IDENTITY = "iPhone Developer";
				CODE_SIGN_STYLE = Manual;
				CURRENT_PROJECT_VERSION = 5;
				DEVELOPMENT_TEAM = P2SUKVPCW7;
				DISPLAY_NAME = "旗ふりゲームDev";
				INFOPLIST_FILE = KoarasSimonSaysGame/Info.plist;
				IPHONEOS_DEPLOYMENT_TARGET = 10.0;
				LD_RUNPATH_SEARCH_PATHS = (
					"$(inherited)",
					"@executable_path/Frameworks",
				);
				MARKETING_VERSION = 2.1.2;
				PRODUCT_BUNDLE_IDENTIFIER = "com.yui.KoalasSimonSaysGame-DEVELOP";
				PRODUCT_NAME = "$(TARGET_NAME)";
				PROVISIONING_PROFILE_SPECIFIER = KoalasSimonSaysGameDev;
				SWIFT_VERSION = 5.0;
				TARGETED_DEVICE_FAMILY = "1,2";
			};
			name = Release;
		};
/* End XCBuildConfiguration section */

/* Begin XCConfigurationList section */
		BA006F5C243C58C0000AB5F6 /* Build configuration list for PBXProject "KoarasSimonSaysGame" */ = {
			isa = XCConfigurationList;
			buildConfigurations = (
				BA006F89243C58C8000AB5F6 /* Debug */,
				BA006F8A243C58C8000AB5F6 /* Release */,
			);
			defaultConfigurationIsVisible = 0;
			defaultConfigurationName = Release;
		};
		BA006F8B243C58C8000AB5F6 /* Build configuration list for PBXNativeTarget "KoarasSimonSaysGame" */ = {
			isa = XCConfigurationList;
			buildConfigurations = (
				BA006F8C243C58C8000AB5F6 /* Debug */,
				BA006F8D243C58C8000AB5F6 /* Release */,
			);
			defaultConfigurationIsVisible = 0;
			defaultConfigurationName = Release;
		};
		BA006F8E243C58C8000AB5F6 /* Build configuration list for PBXNativeTarget "KoarasSimonSaysGameTests" */ = {
			isa = XCConfigurationList;
			buildConfigurations = (
				BA006F8F243C58C8000AB5F6 /* Debug */,
				BA006F90243C58C8000AB5F6 /* Release */,
			);
			defaultConfigurationIsVisible = 0;
			defaultConfigurationName = Release;
		};
		BA006F91243C58C8000AB5F6 /* Build configuration list for PBXNativeTarget "KoarasSimonSaysGameUITests" */ = {
			isa = XCConfigurationList;
			buildConfigurations = (
				BA006F92243C58C8000AB5F6 /* Debug */,
				BA006F93243C58C8000AB5F6 /* Release */,
			);
			defaultConfigurationIsVisible = 0;
			defaultConfigurationName = Release;
		};
		BAE5F627269D7A3500DBD2D7 /* Build configuration list for PBXNativeTarget "KoarasSimonSaysGameDEVELOP" */ = {
			isa = XCConfigurationList;
			buildConfigurations = (
				BAE5F628269D7A3500DBD2D7 /* Debug */,
				BAE5F629269D7A3500DBD2D7 /* Release */,
			);
			defaultConfigurationIsVisible = 0;
			defaultConfigurationName = Release;
		};
/* End XCConfigurationList section */
	};
	rootObject = BA006F59243C58C0000AB5F6 /* Project object */;
}
